
Microsoft Visual Studio Solution File, Format Version 12.00
# Visual Studio 15
VisualStudioVersion = 15.0.27703.2018
MinimumVisualStudioVersion = 10.0.40219.1
Project("{FAE04EC0-301F-11D3-BF4B-00C04F79EFBC}") = "Archivos", "Archivos\Archivos.csproj", "{15FC3058-C767-404E-B2EB-4818D09475AF}"
EndProject
Project("{FAE04EC0-301F-11D3-BF4B-00C04F79EFBC}") = "ClasesAbstractas", "ClasesAbstractas\ClasesAbstractas.csproj", "{DEE6D065-565A-4253-B314-AC3C26BE57C4}"
EndProject
Project("{FAE04EC0-301F-11D3-BF4B-00C04F79EFBC}") = "ClasesInstanciables", "ClasesInstanciables\ClasesInstanciables.csproj", "{2A4E9217-CE49-43BC-A599-49611D144018}"
EndProject
Project("{FAE04EC0-301F-11D3-BF4B-00C04F79EFBC}") = "Excepciones", "Excepciones\Excepciones.csproj", "{1BE98026-4576-4E78-BE23-3BBE74EE45AB}"
EndProject
Project("{FAE04EC0-301F-11D3-BF4B-00C04F79EFBC}") = "Main", "Main\Main.csproj", "{CA2DEEA7-7960-4845-B671-23C8B12D2B98}"
EndProject
Project("{FAE04EC0-301F-11D3-BF4B-00C04F79EFBC}") = "TestUnitarios", "TestUnitarios\TestUnitarios.csproj", "{475647D1-A518-4D69-9CF2-20FBA7AB4316}"
EndProject
Global
	GlobalSection(SolutionConfigurationPlatforms) = preSolution
		Debug|Any CPU = Debug|Any CPU
		Debug|ARM = Debug|ARM
		Debug|x64 = Debug|x64
		Debug|x86 = Debug|x86
		Release|Any CPU = Release|Any CPU
		Release|ARM = Release|ARM
		Release|x64 = Release|x64
		Release|x86 = Release|x86
	EndGlobalSection
	GlobalSection(ProjectConfigurationPlatforms) = postSolution
		{15FC3058-C767-404E-B2EB-4818D09475AF}.Debug|Any CPU.ActiveCfg = Debug|Any CPU
		{15FC3058-C767-404E-B2EB-4818D09475AF}.Debug|Any CPU.Build.0 = Debug|Any CPU
		{15FC3058-C767-404E-B2EB-4818D09475AF}.Debug|ARM.ActiveCfg = Debug|Any CPU
		{15FC3058-C767-404E-B2EB-4818D09475AF}.Debug|ARM.Build.0 = Debug|Any CPU
		{15FC3058-C767-404E-B2EB-4818D09475AF}.Debug|x64.ActiveCfg = Debug|Any CPU
		{15FC3058-C767-404E-B2EB-4818D09475AF}.Debug|x64.Build.0 = Debug|Any CPU
		{15FC3058-C767-404E-B2EB-4818D09475AF}.Debug|x86.ActiveCfg = Debug|Any CPU
		{15FC3058-C767-404E-B2EB-4818D09475AF}.Debug|x86.Build.0 = Debug|Any CPU
		{15FC3058-C767-404E-B2EB-4818D09475AF}.Release|Any CPU.ActiveCfg = Release|Any CPU
		{15FC3058-C767-404E-B2EB-4818D09475AF}.Release|Any CPU.Build.0 = Release|Any CPU
		{15FC3058-C767-404E-B2EB-4818D09475AF}.Release|ARM.ActiveCfg = Release|Any CPU
		{15FC3058-C767-404E-B2EB-4818D09475AF}.Release|ARM.Build.0 = Release|Any CPU
		{15FC3058-C767-404E-B2EB-4818D09475AF}.Release|x64.ActiveCfg = Release|Any CPU
		{15FC3058-C767-404E-B2EB-4818D09475AF}.Release|x64.Build.0 = Release|Any CPU
		{15FC3058-C767-404E-B2EB-4818D09475AF}.Release|x86.ActiveCfg = Release|Any CPU
		{15FC3058-C767-404E-B2EB-4818D09475AF}.Release|x86.Build.0 = Release|Any CPU
		{DEE6D065-565A-4253-B314-AC3C26BE57C4}.Debug|Any CPU.ActiveCfg = Debug|Any CPU
		{DEE6D065-565A-4253-B314-AC3C26BE57C4}.Debug|Any CPU.Build.0 = Debug|Any CPU
		{DEE6D065-565A-4253-B314-AC3C26BE57C4}.Debug|ARM.ActiveCfg = Debug|Any CPU
		{DEE6D065-565A-4253-B314-AC3C26BE57C4}.Debug|ARM.Build.0 = Debug|Any CPU
		{DEE6D065-565A-4253-B314-AC3C26BE57C4}.Debug|x64.ActiveCfg = Debug|Any CPU
		{DEE6D065-565A-4253-B314-AC3C26BE57C4}.Debug|x64.Build.0 = Debug|Any CPU
		{DEE6D065-565A-4253-B314-AC3C26BE57C4}.Debug|x86.ActiveCfg = Debug|Any CPU
		{DEE6D065-565A-4253-B314-AC3C26BE57C4}.Debug|x86.Build.0 = Debug|Any CPU
		{DEE6D065-565A-4253-B314-AC3C26BE57C4}.Release|Any CPU.ActiveCfg = Release|Any CPU
		{DEE6D065-565A-4253-B314-AC3C26BE57C4}.Release|Any CPU.Build.0 = Release|Any CPU
		{DEE6D065-565A-4253-B314-AC3C26BE57C4}.Release|ARM.ActiveCfg = Release|Any CPU
		{DEE6D065-565A-4253-B314-AC3C26BE57C4}.Release|ARM.Build.0 = Release|Any CPU
		{DEE6D065-565A-4253-B314-AC3C26BE57C4}.Release|x64.ActiveCfg = Release|Any CPU
		{DEE6D065-565A-4253-B314-AC3C26BE57C4}.Release|x64.Build.0 = Release|Any CPU
		{DEE6D065-565A-4253-B314-AC3C26BE57C4}.Release|x86.ActiveCfg = Release|Any CPU
		{DEE6D065-565A-4253-B314-AC3C26BE57C4}.Release|x86.Build.0 = Release|Any CPU
		{2A4E9217-CE49-43BC-A599-49611D144018}.Debug|Any CPU.ActiveCfg = Debug|Any CPU
		{2A4E9217-CE49-43BC-A599-49611D144018}.Debug|Any CPU.Build.0 = Debug|Any CPU
		{2A4E9217-CE49-43BC-A599-49611D144018}.Debug|ARM.ActiveCfg = Debug|Any CPU
		{2A4E9217-CE49-43BC-A599-49611D144018}.Debug|ARM.Build.0 = Debug|Any CPU
		{2A4E9217-CE49-43BC-A599-49611D144018}.Debug|x64.ActiveCfg = Debug|Any CPU
		{2A4E9217-CE49-43BC-A599-49611D144018}.Debug|x64.Build.0 = Debug|Any CPU
		{2A4E9217-CE49-43BC-A599-49611D144018}.Debug|x86.ActiveCfg = Debug|Any CPU
		{2A4E9217-CE49-43BC-A599-49611D144018}.Debug|x86.Build.0 = Debug|Any CPU
		{2A4E9217-CE49-43BC-A599-49611D144018}.Release|Any CPU.ActiveCfg = Release|Any CPU
		{2A4E9217-CE49-43BC-A599-49611D144018}.Release|Any CPU.Build.0 = Release|Any CPU
		{2A4E9217-CE49-43BC-A599-49611D144018}.Release|ARM.ActiveCfg = Release|Any CPU
		{2A4E9217-CE49-43BC-A599-49611D144018}.Release|ARM.Build.0 = Release|Any CPU
		{2A4E9217-CE49-43BC-A599-49611D144018}.Release|x64.ActiveCfg = Release|Any CPU
		{2A4E9217-CE49-43BC-A599-49611D144018}.Release|x64.Build.0 = Release|Any CPU
		{2A4E9217-CE49-43BC-A599-49611D144018}.Release|x86.ActiveCfg = Release|Any CPU
		{2A4E9217-CE49-43BC-A599-49611D144018}.Release|x86.Build.0 = Release|Any CPU
		{1BE98026-4576-4E78-BE23-3BBE74EE45AB}.Debug|Any CPU.ActiveCfg = Debug|Any CPU
		{1BE98026-4576-4E78-BE23-3BBE74EE45AB}.Debug|Any CPU.Build.0 = Debug|Any CPU
		{1BE98026-4576-4E78-BE23-3BBE74EE45AB}.Debug|ARM.ActiveCfg = Debug|Any CPU
		{1BE98026-4576-4E78-BE23-3BBE74EE45AB}.Debug|ARM.Build.0 = Debug|Any CPU
		{1BE98026-4576-4E78-BE23-3BBE74EE45AB}.Debug|x64.ActiveCfg = Debug|Any CPU
		{1BE98026-4576-4E78-BE23-3BBE74EE45AB}.Debug|x64.Build.0 = Debug|Any CPU
		{1BE98026-4576-4E78-BE23-3BBE74EE45AB}.Debug|x86.ActiveCfg = Debug|Any CPU
		{1BE98026-4576-4E78-BE23-3BBE74EE45AB}.Debug|x86.Build.0 = Debug|Any CPU
		{1BE98026-4576-4E78-BE23-3BBE74EE45AB}.Release|Any CPU.ActiveCfg = Release|Any CPU
		{1BE98026-4576-4E78-BE23-3BBE74EE45AB}.Release|Any CPU.Build.0 = Release|Any CPU
		{1BE98026-4576-4E78-BE23-3BBE74EE45AB}.Release|ARM.ActiveCfg = Release|Any CPU
		{1BE98026-4576-4E78-BE23-3BBE74EE45AB}.Release|ARM.Build.0 = Release|Any CPU
		{1BE98026-4576-4E78-BE23-3BBE74EE45AB}.Release|x64.ActiveCfg = Release|Any CPU
		{1BE98026-4576-4E78-BE23-3BBE74EE45AB}.Release|x64.Build.0 = Release|Any CPU
		{1BE98026-4576-4E78-BE23-3BBE74EE45AB}.Release|x86.ActiveCfg = Release|Any CPU
		{1BE98026-4576-4E78-BE23-3BBE74EE45AB}.Release|x86.Build.0 = Release|Any CPU
		{CA2DEEA7-7960-4845-B671-23C8B12D2B98}.Debug|Any CPU.ActiveCfg = Debug|Any CPU
		{CA2DEEA7-7960-4845-B671-23C8B12D2B98}.Debug|Any CPU.Build.0 = Debug|Any CPU
		{CA2DEEA7-7960-4845-B671-23C8B12D2B98}.Debug|ARM.ActiveCfg = Debug|Any CPU
		{CA2DEEA7-7960-4845-B671-23C8B12D2B98}.Debug|ARM.Build.0 = Debug|Any CPU
		{CA2DEEA7-7960-4845-B671-23C8B12D2B98}.Debug|x64.ActiveCfg = Debug|Any CPU
		{CA2DEEA7-7960-4845-B671-23C8B12D2B98}.Debug|x64.Build.0 = Debug|Any CPU
		{CA2DEEA7-7960-4845-B671-23C8B12D2B98}.Debug|x86.ActiveCfg = Debug|Any CPU
		{CA2DEEA7-7960-4845-B671-23C8B12D2B98}.Debug|x86.Build.0 = Debug|Any CPU
		{CA2DEEA7-7960-4845-B671-23C8B12D2B98}.Release|Any CPU.ActiveCfg = Release|Any CPU
		{CA2DEEA7-7960-4845-B671-23C8B12D2B98}.Release|Any CPU.Build.0 = Release|Any CPU
		{CA2DEEA7-7960-4845-B671-23C8B12D2B98}.Release|ARM.ActiveCfg = Release|Any CPU
		{CA2DEEA7-7960-4845-B671-23C8B12D2B98}.Release|ARM.Build.0 = Release|Any CPU
		{CA2DEEA7-7960-4845-B671-23C8B12D2B98}.Release|x64.ActiveCfg = Release|Any CPU
		{CA2DEEA7-7960-4845-B671-23C8B12D2B98}.Release|x64.Build.0 = Release|Any CPU
		{CA2DEEA7-7960-4845-B671-23C8B12D2B98}.Release|x86.ActiveCfg = Release|Any CPU
		{CA2DEEA7-7960-4845-B671-23C8B12D2B98}.Release|x86.Build.0 = Release|Any CPU
		{475647D1-A518-4D69-9CF2-20FBA7AB4316}.Debug|Any CPU.ActiveCfg = Debug|Any CPU
		{475647D1-A518-4D69-9CF2-20FBA7AB4316}.Debug|Any CPU.Build.0 = Debug|Any CPU
		{475647D1-A518-4D69-9CF2-20FBA7AB4316}.Debug|ARM.ActiveCfg = Debug|Any CPU
		{475647D1-A518-4D69-9CF2-20FBA7AB4316}.Debug|ARM.Build.0 = Debug|Any CPU
		{475647D1-A518-4D69-9CF2-20FBA7AB4316}.Debug|x64.ActiveCfg = Debug|Any CPU
		{475647D1-A518-4D69-9CF2-20FBA7AB4316}.Debug|x64.Build.0 = Debug|Any CPU
		{475647D1-A518-4D69-9CF2-20FBA7AB4316}.Debug|x86.ActiveCfg = Debug|Any CPU
		{475647D1-A518-4D69-9CF2-20FBA7AB4316}.Debug|x86.Build.0 = Debug|Any CPU
		{475647D1-A518-4D69-9CF2-20FBA7AB4316}.Release|Any CPU.ActiveCfg = Release|Any CPU
		{475647D1-A518-4D69-9CF2-20FBA7AB4316}.Release|Any CPU.Build.0 = Release|Any CPU
		{475647D1-A518-4D69-9CF2-20FBA7AB4316}.Release|ARM.ActiveCfg = Release|Any CPU
		{475647D1-A518-4D69-9CF2-20FBA7AB4316}.Release|ARM.Build.0 = Release|Any CPU
		{475647D1-A518-4D69-9CF2-20FBA7AB4316}.Release|x64.ActiveCfg = Release|Any CPU
		{475647D1-A518-4D69-9CF2-20FBA7AB4316}.Release|x64.Build.0 = Release|Any CPU
		{475647D1-A518-4D69-9CF2-20FBA7AB4316}.Release|x86.ActiveCfg = Release|Any CPU
		{475647D1-A518-4D69-9CF2-20FBA7AB4316}.Release|x86.Build.0 = Release|Any CPU
	EndGlobalSection
	GlobalSection(SolutionProperties) = preSolution
		HideSolutionNode = FALSE
	EndGlobalSection
	GlobalSection(ExtensibilityGlobals) = postSolution
		SolutionGuid = {F95F5427-AAE3-4821-A8B7-F899FB1FDD50}
	EndGlobalSection
EndGlobal
